
Microsoft Visual Studio Solution File, Format Version 12.00
# Visual Studio Version 17
VisualStudioVersion = 17.9.34728.123
MinimumVisualStudioVersion = 10.0.40219.1
Project("{FAE04EC0-301F-11D3-BF4B-00C04F79EFBC}") = "POKEMONN", "POKEMONN\POKEMONN.csproj", "{444A8CED-E817-4C03-81FF-15491C52C48F}"
EndProject
Global
	GlobalSection(SolutionConfigurationPlatforms) = preSolution
		Debug|Any CPU = Debug|Any CPU
		Release|Any CPU = Release|Any CPU
	EndGlobalSection
	GlobalSection(ProjectConfigurationPlatforms) = postSolution
		{444A8CED-E817-4C03-81FF-15491C52C48F}.Debug|Any CPU.ActiveCfg = Debug|Any CPU
		{444A8CED-E817-4C03-81FF-15491C52C48F}.Debug|Any CPU.Build.0 = Debug|Any CPU
		{444A8CED-E817-4C03-81FF-15491C52C48F}.Release|Any CPU.ActiveCfg = Release|Any CPU
		{444A8CED-E817-4C03-81FF-15491C52C48F}.Release|Any CPU.Build.0 = Release|Any CPU
	EndGlobalSection
	GlobalSection(SolutionProperties) = preSolution
		HideSolutionNode = FALSE
	EndGlobalSection
	GlobalSection(ExtensibilityGlobals) = postSolution
		SolutionGuid = {A61F790D-3AF7-41D0-B737-47082B379EAB}
	EndGlobalSection
EndGlobal
